<?xml version="1.0" encoding="utf-8"?>
<Project ToolsVersion="4.0" xmlns="http://schemas.microsoft.com/developer/msbuild/2003">
  <ItemGroup>
    <Filter Include="Source Files">
      <UniqueIdentifier>{4FC737F1-C7A5-4376-A066-2A32D752A2FF}</UniqueIdentifier>
      <Extensions>cpp;c;cc;cxx;c++;cppm;ixx;def;odl;idl;hpj;bat;asm;asmx</Extensions>
    </Filter>
    <Filter Include="Header Files">
      <UniqueIdentifier>{93995380-89BD-4b04-88EB-625FBE52EBFB}</UniqueIdentifier>
      <Extensions>h;hh;hpp;hxx;h++;hm;inl;inc;ipp;xsd</Extensions>
    </Filter>
    <Filter Include="Resource Files">
      <UniqueIdentifier>{67DA6AB6-F800-4c08-8B7A-83BB121AAD01}</UniqueIdentifier>
      <Extensions>rc;ico;cur;bmp;dlg;rc2;rct;bin;rgs;gif;jpg;jpeg;jpe;resx;tiff;tif;png;wav;mfcribbon-ms</Extensions>
    </Filter>
    <Filter Include="Header Files\Vendor">
      <UniqueIdentifier>{034ef307-4d0e-4444-b695-d02a7406e718}</UniqueIdentifier>
    </Filter>
    <Filter Include="Header Files\Vendor\mimalloc">
      <UniqueIdentifier>{77d2977b-9e31-4b80-b787-d72f5b1515f4}</UniqueIdentifier>
    </Filter>
    <Filter Include="Header Files\Vendor\minhook">
      <UniqueIdentifier>{87c5d895-8125-4299-8a24-04e5d2bdf99d}</UniqueIdentifier>
    </Filter>
    <Filter Include="Source Files\Vendor">
      <UniqueIdentifier>{15ecc999-cdcd-4d9e-b4c6-fb268114690c}</UniqueIdentifier>
    </Filter>
  </ItemGroup>
  <ItemGroup>
    <ClInclude Include="framework.h">
      <Filter>Header Files</Filter>
    </ClInclude>
    <ClInclude Include="include\mimalloc-stats.h">
      <Filter>Header Files\Vendor\mimalloc</Filter>
    </ClInclude>
    <ClInclude Include="include\mimalloc.h">
      <Filter>Header Files\Vendor\mimalloc</Filter>
    </ClInclude>
    <ClInclude Include="include\buffer.h">
      <Filter>Header Files\Vendor\minhook</Filter>
    </ClInclude>
    <ClInclude Include="include\hde32.h">
      <Filter>Header Files\Vendor\minhook</Filter>
    </ClInclude>
    <ClInclude Include="include\MinHook.h">
      <Filter>Header Files\Vendor\minhook</Filter>
    </ClInclude>
    <ClInclude Include="include\pstdint.h">
      <Filter>Header Files\Vendor\minhook</Filter>
    </ClInclude>
    <ClInclude Include="include\table32.h">
      <Filter>Header Files\Vendor\minhook</Filter>
    </ClInclude>
    <ClInclude Include="include\trampoline.h">
      <Filter>Header Files\Vendor\minhook</Filter>
    </ClInclude>
    <ClInclude Include="Memory.h">
      <Filter>Header Files</Filter>
    </ClInclude>
    <ClInclude Include="Graphics.h">
      <Filter>Header Files</Filter>
    </ClInclude>
    <ClInclude Include="Patches.h">
      <Filter>Header Files</Filter>
    </ClInclude>
    <ClInclude Include="include\discord_register.h">
      <Filter>Header Files\Vendor</Filter>
    </ClInclude>
    <ClInclude Include="include\discord_rpc.h">
      <Filter>Header Files\Vendor</Filter>
    </ClInclude>
    <ClInclude Include="mimalloc\internal.h">
      <Filter>Header Files\Vendor</Filter>
    </ClInclude>
    <ClInclude Include="pch.h">
      <Filter>Header Files\Vendor</Filter>
    </ClInclude>
    <ClInclude Include="Config.h">
      <Filter>Header Files</Filter>
    </ClInclude>
  </ItemGroup>
  <ItemGroup>
    <ClCompile Include="dllmain.cpp">
      <Filter>Source Files</Filter>
    </ClCompile>
    <ClCompile Include="pch.cpp">
      <Filter>Source Files</Filter>
    </ClCompile>
    <ClCompile Include="Memory.cpp">
      <Filter>Source Files</Filter>
    </ClCompile>
    <ClCompile Include="Graphics.cpp">
      <Filter>Source Files</Filter>
    </ClCompile>
    <ClCompile Include="Patches.cpp">
      <Filter>Source Files</Filter>
    </ClCompile>
    <ClCompile Include="include\buffer.c">
      <Filter>Source Files\Vendor</Filter>
    </ClCompile>
    <ClCompile Include="include\hde32.c">
      <Filter>Source Files\Vendor</Filter>
    </ClCompile>
    <ClCompile Include="include\hook.c">
      <Filter>Source Files\Vendor</Filter>
    </ClCompile>
    <ClCompile Include="include\static.c">
      <Filter>Source Files\Vendor</Filter>
    </ClCompile>
    <ClCompile Include="include\trampoline.c">
      <Filter>Source Files\Vendor</Filter>
    </ClCompile>
    <ClCompile Include="Config.cpp">
      <Filter>Source Files</Filter>
    </ClCompile>
  </ItemGroup>
</Project>